
Microsoft Visual Studio Solution File, Format Version 12.00
# Visual Studio 15
VisualStudioVersion = 15.0.26228.4
MinimumVisualStudioVersion = 10.0.40219.1
Project("{2150E333-8FDC-42A3-9474-1A3956D46DE8}") = "src", "src", "{4F663E99-2CE1-413A-A175-A1113235E38F}"
EndProject
Project("{2150E333-8FDC-42A3-9474-1A3956D46DE8}") = "Solution Items", "Solution Items", "{6DD1BB9F-711A-43B5-A3A8-4D6CAEC12FC9}"
EndProject
Project("{2150E333-8FDC-42A3-9474-1A3956D46DE8}") = "test", "test", "{EA1220A8-4823-4EE7-A793-89BE3BCD2E56}"
EndProject
Project("{9A19103F-16F7-4668-BE54-9A1E7A4F7556}") = "cloudscribe.HtmlAgilityPack", "src\cloudscribe.HtmlAgilityPack\cloudscribe.HtmlAgilityPack.csproj", "{AC6C2B7D-BA14-4B96-83ED-EC3A6EA1C780}"
EndProject
Project("{9A19103F-16F7-4668-BE54-9A1E7A4F7556}") = "cloudscribe.HtmlAgilityPack.Test", "test\cloudscribe.HtmlAgilityPack.Test\cloudscribe.HtmlAgilityPack.Test.csproj", "{BB58226E-5099-4439-8BDE-900FF7ABDA77}"
EndProject
Global
	GlobalSection(SolutionConfigurationPlatforms) = preSolution
		Debug|Any CPU = Debug|Any CPU
		Release|Any CPU = Release|Any CPU
	EndGlobalSection
	GlobalSection(ProjectConfigurationPlatforms) = postSolution
		{AC6C2B7D-BA14-4B96-83ED-EC3A6EA1C780}.Debug|Any CPU.ActiveCfg = Debug|Any CPU
		{AC6C2B7D-BA14-4B96-83ED-EC3A6EA1C780}.Debug|Any CPU.Build.0 = Debug|Any CPU
		{AC6C2B7D-BA14-4B96-83ED-EC3A6EA1C780}.Release|Any CPU.ActiveCfg = Release|Any CPU
		{AC6C2B7D-BA14-4B96-83ED-EC3A6EA1C780}.Release|Any CPU.Build.0 = Release|Any CPU
		{BB58226E-5099-4439-8BDE-900FF7ABDA77}.Debug|Any CPU.ActiveCfg = Debug|Any CPU
		{BB58226E-5099-4439-8BDE-900FF7ABDA77}.Debug|Any CPU.Build.0 = Debug|Any CPU
		{BB58226E-5099-4439-8BDE-900FF7ABDA77}.Release|Any CPU.ActiveCfg = Release|Any CPU
		{BB58226E-5099-4439-8BDE-900FF7ABDA77}.Release|Any CPU.Build.0 = Release|Any CPU
	EndGlobalSection
	GlobalSection(SolutionProperties) = preSolution
		HideSolutionNode = FALSE
	EndGlobalSection
	GlobalSection(NestedProjects) = preSolution
		{AC6C2B7D-BA14-4B96-83ED-EC3A6EA1C780} = {4F663E99-2CE1-413A-A175-A1113235E38F}
		{BB58226E-5099-4439-8BDE-900FF7ABDA77} = {EA1220A8-4823-4EE7-A793-89BE3BCD2E56}
	EndGlobalSection
EndGlobal
